<?xml version="1.0" encoding="utf-8"?>
<Project ToolsVersion="12.0" xmlns="http://schemas.microsoft.com/developer/msbuild/2003">
  <ItemGroup>
    <ClCompile Include="pch.cpp" />
    <ClCompile Include="Beneficiary.cpp">
      <Filter>Core</Filter>
    </ClCompile>
    <ClCompile Include="Expense.cpp">
      <Filter>Core</Filter>
    </ClCompile>
    <ClCompile Include="Item.cpp">
      <Filter>Core</Filter>
    </ClCompile>
    <ClCompile Include="Object.cpp">
      <Filter>Core</Filter>
    </ClCompile>
    <ClCompile Include="Person.cpp">
      <Filter>Core</Filter>
    </ClCompile>
    <ClCompile Include="Report.cpp">
      <Filter>Core</Filter>
    </ClCompile>
    <ClCompile Include="Transaction.cpp">
      <Filter>Core</Filter>
    </ClCompile>
    <ClCompile Include="Date.cpp">
      <Filter>Core</Filter>
    </ClCompile>
    <ClCompile Include="Core.cpp">
      <Filter>Core</Filter>
    </ClCompile>
    <ClCompile Include="ObjectSerializer.cpp">
      <Filter>XmlSerialization</Filter>
    </ClCompile>
    <ClCompile Include="PersonSerializer.cpp">
      <Filter>XmlSerialization</Filter>
    </ClCompile>
    <ClCompile Include="BeneficiarySerializer.cpp">
      <Filter>XmlSerialization</Filter>
    </ClCompile>
  </ItemGroup>
  <ItemGroup>
    <ClInclude Include="pch.h" />
    <ClInclude Include="targetver.h" />
    <ClInclude Include="Beneficiary.h">
      <Filter>Core</Filter>
    </ClInclude>
    <ClInclude Include="Expense.h">
      <Filter>Core</Filter>
    </ClInclude>
    <ClInclude Include="Item.h">
      <Filter>Core</Filter>
    </ClInclude>
    <ClInclude Include="Object.h">
      <Filter>Core</Filter>
    </ClInclude>
    <ClInclude Include="Person.h">
      <Filter>Core</Filter>
    </ClInclude>
    <ClInclude Include="Report.h">
      <Filter>Core</Filter>
    </ClInclude>
    <ClInclude Include="Transaction.h">
      <Filter>Core</Filter>
    </ClInclude>
    <ClInclude Include="Date.h">
      <Filter>Core</Filter>
    </ClInclude>
    <ClInclude Include="Core.h">
      <Filter>Core</Filter>
    </ClInclude>
    <ClInclude Include="IXmlSerializer.h">
      <Filter>Core</Filter>
    </ClInclude>
    <ClInclude Include="ObjectSerializer.h">
      <Filter>XmlSerialization</Filter>
    </ClInclude>
    <ClInclude Include="PersonSerializer.h">
      <Filter>XmlSerialization</Filter>
    </ClInclude>
    <ClInclude Include="BeneficiarySerializer.h">
      <Filter>XmlSerialization</Filter>
    </ClInclude>
  </ItemGroup>
  <ItemGroup>
    <Filter Include="Core">
      <UniqueIdentifier>{935c4012-a963-42ef-8dbc-a3b245b566d0}</UniqueIdentifier>
    </Filter>
    <Filter Include="XmlSerialization">
      <UniqueIdentifier>{f27c9860-c6e1-454a-8b89-2a1ad5656f5f}</UniqueIdentifier>
    </Filter>
  </ItemGroup>
</Project>